PODS:
  - NMapsGeometry (1.0.2)
  - NMapsMap (3.22.0):
    - NMapsGeometry

DEPENDENCIES:
  - NMapsMap

SPEC REPOS:
  https://github.com/CocoaPods/Specs.git:
    - NMapsGeometry
    - NMapsMap

SPEC CHECKSUMS:
  NMapsGeometry: 4e02554fa9880ef02ed96b075dc84355d6352479
  NMapsMap: 11190b621c8050069e4f41efa9e3973f855cd7e3

PODFILE CHECKSUM: 1469d5031495434924dccf33a27f1298f410f24c

COCOAPODS: 1.16.2
